{
    "version": 3,
    "terraform_version": "0.7.3",
    "serial": 9,
    "lineage": "2664d0eb-f534-42c1-b885-32ddba7a2865",
    "modules": [
        {
            "path": [
                "root"
            ],
            "outputs": {},
            "resources": {
                "aws_route_table_association.us-east-1b-private": {
                    "type": "aws_route_table_association",
                    "depends_on": [
                        "aws_route_table.us-east-1-private",
                        "aws_subnet.us-east-1b-private"
                    ],
                    "primary": {
                        "id": "rtbassoc-ed7fd994",
                        "attributes": {
                            "id": "rtbassoc-ed7fd994",
                            "route_table_id": "rtb-4a89392c",
                            "subnet_id": "subnet-21a8410c"
                        },
                        "meta": {},
                        "tainted": false
                    },
                    "deposed": [],
                    "provider": ""
                },
                "aws_route_table_association.us-east-1b-public": {
                    "type": "aws_route_table_association",
                    "depends_on": [
                        "aws_route_table.us-east-1-public",
                        "aws_subnet.us-east-1b-public"
                    ],
                    "primary": {
                        "id": "rtbassoc-9047e1e9",
                        "attributes": {
                            "id": "rtbassoc-9047e1e9",
                            "route_table_id": "rtb-578f3f31",
                            "subnet_id": "subnet-26a8410b"
                        },
                        "meta": {},
                        "tainted": false
                    },
                    "deposed": [],
                    "provider": ""
                },
                "aws_route_table_association.us-east-1c-private": {
                    "type": "aws_route_table_association",
                    "depends_on": [
                        "aws_route_table.us-east-1-private",
                        "aws_subnet.us-east-1c-private"
                    ],
                    "primary": {
                        "id": "rtbassoc-ec7fd995",
                        "attributes": {
                            "id": "rtbassoc-ec7fd995",
                            "route_table_id": "rtb-4a89392c",
                            "subnet_id": "subnet-e0f821a9"
                        },
                        "meta": {},
                        "tainted": false
                    },
                    "deposed": [],
                    "provider": ""
                },
                "aws_route_table_association.us-east-1c-public": {
                    "type": "aws_route_table_association",
                    "depends_on": [
                        "aws_route_table.us-east-1-public",
                        "aws_subnet.us-east-1c-public"
                    ],
                    "primary": {
                        "id": "rtbassoc-9347e1ea",
                        "attributes": {
                            "id": "rtbassoc-9347e1ea",
                            "route_table_id": "rtb-578f3f31",
                            "subnet_id": "subnet-e1f821a8"
                        },
                        "meta": {},
                        "tainted": false
                    },
                    "deposed": [],
                    "provider": ""
                },
                "aws_vpc.wordpress_vpc": {
                    "type": "aws_vpc",
                    "depends_on": [],
                    "primary": {
                        "id": "vpc-ea8ad68d",
                        "attributes": {
                            "cidr_block": "172.16.0.0/20",
                            "default_network_acl_id": "acl-c43c37a3",
                            "default_route_table_id": "rtb-8c8838ea",
                            "default_security_group_id": "sg-cfc8afb5",
                            "dhcp_options_id": "dopt-31dfd754",
                            "enable_classiclink": "false",
                            "enable_dns_hostnames": "false",
                            "enable_dns_support": "true",
                            "id": "vpc-ea8ad68d",
                            "instance_tenancy": "default",
                            "main_route_table_id": "rtb-8c8838ea",
                            "tags.%": "2",
                            "tags.Env": "Test",
                            "tags.Name": "wordpress_vpc"
                        },
                        "meta": {},
                        "tainted": false
                    },
                    "deposed": [],
                    "provider": ""
                }
            },
            "depends_on": []
        }
    ]
}
