{
    "version": 3,
    "terraform_version": "0.7.3",
    "serial": 7,
    "lineage": "2664d0eb-f534-42c1-b885-32ddba7a2865",
    "modules": [
        {
            "path": [
                "root"
            ],
            "outputs": {},
            "resources": {
                "aws_eip.bastion": {
                    "type": "aws_eip",
                    "depends_on": [
                        "aws_instance.bastion"
                    ],
                    "primary": {
                        "id": "eipalloc-4b0f6974",
                        "attributes": {
                            "association_id": "",
                            "domain": "vpc",
                            "id": "eipalloc-4b0f6974",
                            "instance": "",
                            "network_interface": "",
                            "private_ip": "",
                            "public_ip": "52.45.26.253",
                            "vpc": "true"
                        },
                        "meta": {},
                        "tainted": false
                    },
                    "deposed": [],
                    "provider": ""
                },
                "aws_eip.nat": {
                    "type": "aws_eip",
                    "depends_on": [],
                    "primary": {
                        "id": "eipalloc-580a6c67",
                        "attributes": {
                            "association_id": "eipassoc-7199584d",
                            "domain": "vpc",
                            "id": "eipalloc-580a6c67",
                            "instance": "",
                            "network_interface": "eni-7ea1fe6d",
                            "private_ip": "172.16.1.59",
                            "public_ip": "52.45.6.56",
                            "vpc": "true"
                        },
                        "meta": {},
                        "tainted": false
                    },
                    "deposed": [],
                    "provider": ""
                },
                "aws_instance.bastion": {
                    "type": "aws_instance",
                    "depends_on": [
                        "aws_security_group.bastion",
                        "aws_subnet.us-east-1b-public"
                    ],
                    "primary": {
                        "id": "i-0848d77880d3741e2",
                        "attributes": {
                            "ami": "ami-6869aa05",
                            "availability_zone": "us-east-1b",
                            "disable_api_termination": "false",
                            "ebs_block_device.#": "0",
                            "ebs_optimized": "false",
                            "ephemeral_block_device.#": "0",
                            "iam_instance_profile": "",
                            "id": "i-0848d77880d3741e2",
                            "instance_state": "running",
                            "instance_type": "t2.micro",
                            "key_name": "scaleable-wordpress",
                            "monitoring": "false",
                            "network_interface_id": "eni-18cd920b",
                            "private_dns": "ip-172-16-1-249.ec2.internal",
                            "private_ip": "172.16.1.249",
                            "public_dns": "",
                            "public_ip": "",
                            "root_block_device.#": "1",
                            "root_block_device.0.delete_on_termination": "true",
                            "root_block_device.0.iops": "100",
                            "root_block_device.0.volume_size": "8",
                            "root_block_device.0.volume_type": "gp2",
                            "security_groups.#": "0",
                            "source_dest_check": "true",
                            "subnet_id": "subnet-26a8410b",
                            "tags.%": "2",
                            "tags.Env": "Test",
                            "tags.Name": "bastion",
                            "tenancy": "default",
                            "vpc_security_group_ids.#": "1",
                            "vpc_security_group_ids.942954059": "sg-c1c8afbb"
                        },
                        "meta": {
                            "schema_version": "1"
                        },
                        "tainted": false
                    },
                    "deposed": [],
                    "provider": ""
                },
                "aws_internet_gateway.internetgw": {
                    "type": "aws_internet_gateway",
                    "depends_on": [
                        "aws_vpc.wordpress_vpc"
                    ],
                    "primary": {
                        "id": "igw-81ee02e6",
                        "attributes": {
                            "id": "igw-81ee02e6",
                            "tags.%": "0",
                            "vpc_id": "vpc-ea8ad68d"
                        },
                        "meta": {},
                        "tainted": false
                    },
                    "deposed": [],
                    "provider": ""
                },
                "aws_nat_gateway.nat_gw": {
                    "type": "aws_nat_gateway",
                    "depends_on": [
                        "aws_eip.nat",
                        "aws_subnet.us-east-1b-public"
                    ],
                    "primary": {
                        "id": "nat-0990a1ddb3ae45f77",
                        "attributes": {
                            "allocation_id": "eipalloc-580a6c67",
                            "id": "nat-0990a1ddb3ae45f77",
                            "network_interface_id": "eni-7ea1fe6d",
                            "private_ip": "172.16.1.59",
                            "public_ip": "52.45.6.56",
                            "subnet_id": "subnet-26a8410b"
                        },
                        "meta": {},
                        "tainted": false
                    },
                    "deposed": [],
                    "provider": ""
                },
                "aws_route_table.us-east-1-private": {
                    "type": "aws_route_table",
                    "depends_on": [
                        "aws_nat_gateway.nat_gw",
                        "aws_vpc.wordpress_vpc"
                    ],
                    "primary": {
                        "id": "rtb-4a89392c",
                        "attributes": {
                            "id": "rtb-4a89392c",
                            "propagating_vgws.#": "0",
                            "route.#": "1",
                            "route.2435070631.cidr_block": "0.0.0.0/0",
                            "route.2435070631.gateway_id": "",
                            "route.2435070631.instance_id": "",
                            "route.2435070631.nat_gateway_id": "nat-0990a1ddb3ae45f77",
                            "route.2435070631.network_interface_id": "",
                            "route.2435070631.vpc_peering_connection_id": "",
                            "tags.%": "0",
                            "vpc_id": "vpc-ea8ad68d"
                        },
                        "meta": {},
                        "tainted": false
                    },
                    "deposed": [],
                    "provider": ""
                },
                "aws_route_table.us-east-1-public": {
                    "type": "aws_route_table",
                    "depends_on": [
                        "aws_internet_gateway.internetgw",
                        "aws_vpc.wordpress_vpc"
                    ],
                    "primary": {
                        "id": "rtb-578f3f31",
                        "attributes": {
                            "id": "rtb-578f3f31",
                            "propagating_vgws.#": "0",
                            "route.#": "1",
                            "route.558549430.cidr_block": "0.0.0.0/0",
                            "route.558549430.gateway_id": "igw-81ee02e6",
                            "route.558549430.instance_id": "",
                            "route.558549430.nat_gateway_id": "",
                            "route.558549430.network_interface_id": "",
                            "route.558549430.vpc_peering_connection_id": "",
                            "tags.%": "0",
                            "vpc_id": "vpc-ea8ad68d"
                        },
                        "meta": {},
                        "tainted": false
                    },
                    "deposed": [],
                    "provider": ""
                },
                "aws_route_table_association.us-east-1b-private": {
                    "type": "aws_route_table_association",
                    "depends_on": [
                        "aws_route_table.us-east-1-private",
                        "aws_subnet.us-east-1b-private"
                    ],
                    "primary": {
                        "id": "rtbassoc-ed7fd994",
                        "attributes": {
                            "id": "rtbassoc-ed7fd994",
                            "route_table_id": "rtb-4a89392c",
                            "subnet_id": "subnet-21a8410c"
                        },
                        "meta": {},
                        "tainted": false
                    },
                    "deposed": [],
                    "provider": ""
                },
                "aws_route_table_association.us-east-1b-public": {
                    "type": "aws_route_table_association",
                    "depends_on": [
                        "aws_route_table.us-east-1-public",
                        "aws_subnet.us-east-1b-public"
                    ],
                    "primary": {
                        "id": "rtbassoc-9047e1e9",
                        "attributes": {
                            "id": "rtbassoc-9047e1e9",
                            "route_table_id": "rtb-578f3f31",
                            "subnet_id": "subnet-26a8410b"
                        },
                        "meta": {},
                        "tainted": false
                    },
                    "deposed": [],
                    "provider": ""
                },
                "aws_route_table_association.us-east-1c-private": {
                    "type": "aws_route_table_association",
                    "depends_on": [
                        "aws_route_table.us-east-1-private",
                        "aws_subnet.us-east-1c-private"
                    ],
                    "primary": {
                        "id": "rtbassoc-ec7fd995",
                        "attributes": {
                            "id": "rtbassoc-ec7fd995",
                            "route_table_id": "rtb-4a89392c",
                            "subnet_id": "subnet-e0f821a9"
                        },
                        "meta": {},
                        "tainted": false
                    },
                    "deposed": [],
                    "provider": ""
                },
                "aws_route_table_association.us-east-1c-public": {
                    "type": "aws_route_table_association",
                    "depends_on": [
                        "aws_route_table.us-east-1-public",
                        "aws_subnet.us-east-1c-public"
                    ],
                    "primary": {
                        "id": "rtbassoc-9347e1ea",
                        "attributes": {
                            "id": "rtbassoc-9347e1ea",
                            "route_table_id": "rtb-578f3f31",
                            "subnet_id": "subnet-e1f821a8"
                        },
                        "meta": {},
                        "tainted": false
                    },
                    "deposed": [],
                    "provider": ""
                },
                "aws_security_group.bastion": {
                    "type": "aws_security_group",
                    "depends_on": [
                        "aws_vpc.wordpress_vpc"
                    ],
                    "primary": {
                        "id": "sg-c1c8afbb",
                        "attributes": {
                            "description": "Allow SSH traffic from the internet",
                            "egress.#": "0",
                            "id": "sg-c1c8afbb",
                            "ingress.#": "1",
                            "ingress.2541437006.cidr_blocks.#": "1",
                            "ingress.2541437006.cidr_blocks.0": "0.0.0.0/0",
                            "ingress.2541437006.from_port": "22",
                            "ingress.2541437006.protocol": "tcp",
                            "ingress.2541437006.security_groups.#": "0",
                            "ingress.2541437006.self": "false",
                            "ingress.2541437006.to_port": "22",
                            "name": "bastion",
                            "owner_id": "429195375769",
                            "tags.%": "0",
                            "vpc_id": "vpc-ea8ad68d"
                        },
                        "meta": {},
                        "tainted": false
                    },
                    "deposed": [],
                    "provider": ""
                },
                "aws_subnet.us-east-1b-private": {
                    "type": "aws_subnet",
                    "depends_on": [
                        "aws_vpc.wordpress_vpc"
                    ],
                    "primary": {
                        "id": "subnet-21a8410c",
                        "attributes": {
                            "availability_zone": "us-east-1b",
                            "cidr_block": "172.16.5.0/24",
                            "id": "subnet-21a8410c",
                            "map_public_ip_on_launch": "false",
                            "tags.%": "3",
                            "tags.Env": "Test",
                            "tags.Name": "mySql_subnet_2",
                            "tags.SubnetAccess": "Public",
                            "vpc_id": "vpc-ea8ad68d"
                        },
                        "meta": {},
                        "tainted": false
                    },
                    "deposed": [],
                    "provider": ""
                },
                "aws_subnet.us-east-1b-public": {
                    "type": "aws_subnet",
                    "depends_on": [
                        "aws_vpc.wordpress_vpc"
                    ],
                    "primary": {
                        "id": "subnet-26a8410b",
                        "attributes": {
                            "availability_zone": "us-east-1b",
                            "cidr_block": "172.16.1.0/24",
                            "id": "subnet-26a8410b",
                            "map_public_ip_on_launch": "false",
                            "tags.%": "3",
                            "tags.Env": "Test",
                            "tags.Name": "WordPress_App_subnet_1",
                            "tags.SubnetAccess": "Public",
                            "vpc_id": "vpc-ea8ad68d"
                        },
                        "meta": {},
                        "tainted": false
                    },
                    "deposed": [],
                    "provider": ""
                },
                "aws_subnet.us-east-1c-private": {
                    "type": "aws_subnet",
                    "depends_on": [
                        "aws_vpc.wordpress_vpc"
                    ],
                    "primary": {
                        "id": "subnet-e0f821a9",
                        "attributes": {
                            "availability_zone": "us-east-1c",
                            "cidr_block": "172.16.6.0/24",
                            "id": "subnet-e0f821a9",
                            "map_public_ip_on_launch": "false",
                            "tags.%": "3",
                            "tags.Env": "Test",
                            "tags.Name": "mySql_subnet_2",
                            "tags.SubnetAccess": "Public",
                            "vpc_id": "vpc-ea8ad68d"
                        },
                        "meta": {},
                        "tainted": false
                    },
                    "deposed": [],
                    "provider": ""
                },
                "aws_subnet.us-east-1c-public": {
                    "type": "aws_subnet",
                    "depends_on": [
                        "aws_vpc.wordpress_vpc"
                    ],
                    "primary": {
                        "id": "subnet-e1f821a8",
                        "attributes": {
                            "availability_zone": "us-east-1c",
                            "cidr_block": "172.16.2.0/24",
                            "id": "subnet-e1f821a8",
                            "map_public_ip_on_launch": "false",
                            "tags.%": "3",
                            "tags.Env": "Test",
                            "tags.Name": "WordPress_App_subnet_2",
                            "tags.SubnetAccess": "Public",
                            "vpc_id": "vpc-ea8ad68d"
                        },
                        "meta": {},
                        "tainted": false
                    },
                    "deposed": [],
                    "provider": ""
                },
                "aws_vpc.wordpress_vpc": {
                    "type": "aws_vpc",
                    "depends_on": [],
                    "primary": {
                        "id": "vpc-ea8ad68d",
                        "attributes": {
                            "cidr_block": "172.16.0.0/20",
                            "default_network_acl_id": "acl-c43c37a3",
                            "default_route_table_id": "rtb-8c8838ea",
                            "default_security_group_id": "sg-cfc8afb5",
                            "dhcp_options_id": "dopt-31dfd754",
                            "enable_classiclink": "false",
                            "enable_dns_hostnames": "false",
                            "enable_dns_support": "true",
                            "id": "vpc-ea8ad68d",
                            "instance_tenancy": "default",
                            "main_route_table_id": "rtb-8c8838ea",
                            "tags.%": "2",
                            "tags.Env": "Test",
                            "tags.Name": "wordpress_vpc"
                        },
                        "meta": {},
                        "tainted": false
                    },
                    "deposed": [],
                    "provider": ""
                }
            },
            "depends_on": []
        }
    ]
}
