{
    "version": 3,
    "terraform_version": "0.7.3",
    "serial": 2,
    "lineage": "1255f877-deb0-4dbe-979a-4c04ed30c66d",
    "modules": [
        {
            "path": [
                "root"
            ],
            "outputs": {},
            "resources": {
                "azurerm_resource_group.wordpressDev": {
                    "type": "azurerm_resource_group",
                    "depends_on": [],
                    "primary": {
                        "id": "/subscriptions/c6456f52-ae4c-4ab7-82db-8e1c633403bc/resourceGroups/wordpressDev",
                        "attributes": {
                            "id": "/subscriptions/c6456f52-ae4c-4ab7-82db-8e1c633403bc/resourceGroups/wordpressDev",
                            "location": "eastus2",
                            "name": "wordpressDev",
                            "tags.%": "0"
                        },
                        "meta": {},
                        "tainted": false
                    },
                    "deposed": [],
                    "provider": ""
                },
                "azurerm_storage_account.wpdevvhdstorageaccount": {
                    "type": "azurerm_storage_account",
                    "depends_on": [
                        "azurerm_resource_group.wordpressDev"
                    ],
                    "primary": {
                        "id": "/subscriptions/c6456f52-ae4c-4ab7-82db-8e1c633403bc/resourceGroups/wordpressdev/providers/Microsoft.Storage/storageAccounts/wpdevvhdstorageaccount",
                        "attributes": {
                            "account_type": "Standard_LRS",
                            "id": "/subscriptions/c6456f52-ae4c-4ab7-82db-8e1c633403bc/resourceGroups/wordpressdev/providers/Microsoft.Storage/storageAccounts/wpdevvhdstorageaccount",
                            "location": "eastus2",
                            "name": "wpdevvhdstorageaccount",
                            "primary_access_key": "opOos9UlMdthfvt6NJW2GzXM1MlUMFDzst/0CNuiIbapFD34c+4plDrLotmuPnjJrpCHe/ZhtaFGm9ARK/wwZQ==",
                            "primary_blob_endpoint": "https://wpdevvhdstorageaccount.blob.core.windows.net/",
                            "primary_file_endpoint": "https://wpdevvhdstorageaccount.file.core.windows.net/",
                            "primary_location": "eastus2",
                            "primary_queue_endpoint": "https://wpdevvhdstorageaccount.queue.core.windows.net/",
                            "primary_table_endpoint": "https://wpdevvhdstorageaccount.table.core.windows.net/",
                            "resource_group_name": "wordpressDev",
                            "secondary_access_key": "uTKu0/vk4wJ/bR5Hr8rhJapJO5RVhODMm/lDcWqEQe9MMsfsIwmd6SzpHBKHm6UGRf4defTlnRV1JFJnbLCJNw==",
                            "secondary_location": "",
                            "tags.%": "1",
                            "tags.environment": "dev"
                        },
                        "meta": {},
                        "tainted": false
                    },
                    "deposed": [],
                    "provider": ""
                },
                "azurerm_storage_container.wpdevvhdstoragecontainer": {
                    "type": "azurerm_storage_container",
                    "depends_on": [
                        "azurerm_resource_group.wordpressDev",
                        "azurerm_storage_account.wpdevvhdstorageaccount"
                    ],
                    "primary": {
                        "id": "wpdevvhdstoragecontainer",
                        "attributes": {
                            "container_access_type": "private",
                            "id": "wpdevvhdstoragecontainer",
                            "name": "wpdevvhdstoragecontainer",
                            "properties.%": "4",
                            "properties.last_modified": "Wed, 05 Oct 2016 12:50:28 GMT",
                            "properties.lease_duration": "",
                            "properties.lease_state": "available",
                            "properties.lease_status": "unlocked",
                            "resource_group_name": "wordpressDev",
                            "storage_account_name": "wpdevvhdstorageaccount"
                        },
                        "meta": {},
                        "tainted": false
                    },
                    "deposed": [],
                    "provider": ""
                },
                "azurerm_virtual_network.wordpressdevnetwork": {
                    "type": "azurerm_virtual_network",
                    "depends_on": [
                        "azurerm_resource_group.wordpressDev"
                    ],
                    "primary": {
                        "id": "/subscriptions/c6456f52-ae4c-4ab7-82db-8e1c633403bc/resourceGroups/wordpressDev/providers/Microsoft.Network/virtualNetworks/wordpressdevnetwork",
                        "attributes": {
                            "address_space.#": "1",
                            "address_space.0": "10.0.0.0/16",
                            "dns_servers.#": "0",
                            "id": "/subscriptions/c6456f52-ae4c-4ab7-82db-8e1c633403bc/resourceGroups/wordpressDev/providers/Microsoft.Network/virtualNetworks/wordpressdevnetwork",
                            "location": "eastus2",
                            "name": "wordpressdevnetwork",
                            "resource_group_name": "wordpressDev",
                            "subnet.#": "4",
                            "subnet.1124488077.address_prefix": "10.0.2.0/24",
                            "subnet.1124488077.name": "DMZ2",
                            "subnet.1124488077.security_group": "",
                            "subnet.2818440643.address_prefix": "10.0.3.0/24",
                            "subnet.2818440643.name": "Internal1",
                            "subnet.2818440643.security_group": "",
                            "subnet.2987193299.address_prefix": "10.0.1.0/24",
                            "subnet.2987193299.name": "DMZ1",
                            "subnet.2987193299.security_group": "",
                            "subnet.3446022027.address_prefix": "10.0.4.0/24",
                            "subnet.3446022027.name": "Internal2",
                            "subnet.3446022027.security_group": "",
                            "tags.%": "0"
                        },
                        "meta": {},
                        "tainted": false
                    },
                    "deposed": [],
                    "provider": ""
                }
            },
            "depends_on": []
        }
    ]
}
