{
    "version": 3,
    "terraform_version": "0.7.4",
    "serial": 21,
    "lineage": "2664d0eb-f534-42c1-b885-32ddba7a2865",
    "modules": [
        {
            "path": [
                "root"
            ],
            "outputs": {
                "bastion_ip": {
                    "sensitive": false,
                    "type": "string",
                    "value": "50.17.169.234"
                },
                "bastion_key_name": {
                    "sensitive": false,
                    "type": "string",
                    "value": "scaleable-wordpress1"
                },
                "wordpress_app1_ip": {
                    "sensitive": false,
                    "type": "string",
                    "value": "172.16.1.218"
                },
                "wordpress_app2_ip": {
                    "sensitive": false,
                    "type": "string",
                    "value": "172.16.2.197"
                }
            },
            "resources": {
                "aws_eip.bastion": {
                    "type": "aws_eip",
                    "depends_on": [
                        "aws_instance.bastion"
                    ],
                    "primary": {
                        "id": "eipalloc-6a96d155",
                        "attributes": {
                            "association_id": "eipassoc-2cacc810",
                            "domain": "vpc",
                            "id": "eipalloc-6a96d155",
                            "instance": "i-0db95353b0915996a",
                            "network_interface": "eni-a8d499ba",
                            "private_ip": "172.16.1.24",
                            "public_ip": "50.17.169.234",
                            "vpc": "true"
                        },
                        "meta": {},
                        "tainted": false
                    },
                    "deposed": [],
                    "provider": ""
                },
                "aws_eip.nat": {
                    "type": "aws_eip",
                    "depends_on": [],
                    "primary": {
                        "id": "eipalloc-d297d0ed",
                        "attributes": {
                            "association_id": "eipassoc-65761259",
                            "domain": "vpc",
                            "id": "eipalloc-d297d0ed",
                            "instance": "",
                            "network_interface": "eni-37450825",
                            "private_ip": "172.16.1.223",
                            "public_ip": "52.54.166.212",
                            "vpc": "true"
                        },
                        "meta": {},
                        "tainted": false
                    },
                    "deposed": [],
                    "provider": ""
                },
                "aws_iam_instance_profile.WordPressAppServerPolicyProfile": {
                    "type": "aws_iam_instance_profile",
                    "depends_on": [
                        "aws_iam_role.WordPressAppServerRole"
                    ],
                    "primary": {
                        "id": "WordPressAppServerPolicyProfile",
                        "attributes": {
                            "arn": "arn:aws:iam::429195375769:instance-profile/WordPressAppServerPolicyProfile",
                            "id": "WordPressAppServerPolicyProfile",
                            "name": "WordPressAppServerPolicyProfile",
                            "path": "/",
                            "roles.#": "1",
                            "roles.1917942054": "WordPressAppServerRole"
                        },
                        "meta": {},
                        "tainted": false
                    },
                    "deposed": [],
                    "provider": ""
                },
                "aws_iam_policy.WordPressAppServerPolicy": {
                    "type": "aws_iam_policy",
                    "depends_on": [],
                    "primary": {
                        "id": "arn:aws:iam::429195375769:policy/WordPressAppServerPolicy",
                        "attributes": {
                            "arn": "arn:aws:iam::429195375769:policy/WordPressAppServerPolicy",
                            "description": "Wordpress App Server Policy",
                            "id": "arn:aws:iam::429195375769:policy/WordPressAppServerPolicy",
                            "name": "WordPressAppServerPolicy",
                            "path": "/",
                            "policy": "{\r\n  \"Version\": \"2012-10-17\",\r\n  \"Statement\": [\r\n    {\r\n      \"Action\": [\r\n        \"ec2:Describe*\"\r\n      ],\r\n      \"Effect\": \"Allow\",\r\n      \"Resource\": \"*\"\r\n    }\r\n  ]\r\n}\r\n"
                        },
                        "meta": {},
                        "tainted": false
                    },
                    "deposed": [],
                    "provider": ""
                },
                "aws_iam_role.WordPressAppServerRole": {
                    "type": "aws_iam_role",
                    "depends_on": [],
                    "primary": {
                        "id": "WordPressAppServerRole",
                        "attributes": {
                            "arn": "arn:aws:iam::429195375769:role/WordPressAppServerRole",
                            "assume_role_policy": "{\r\n  \"Version\": \"2012-10-17\",\r\n  \"Statement\": [\r\n    {\r\n      \"Action\": \"sts:AssumeRole\",\r\n      \"Principal\": {\r\n        \"Service\": \"ec2.amazonaws.com\"\r\n      },\r\n      \"Effect\": \"Allow\",\r\n      \"Sid\": \"\"\r\n    }\r\n  ]\r\n}\r\n",
                            "id": "WordPressAppServerRole",
                            "name": "WordPressAppServerRole",
                            "path": "/",
                            "unique_id": "AROAIZBO7UJ7WMIEJQDIS"
                        },
                        "meta": {},
                        "tainted": false
                    },
                    "deposed": [],
                    "provider": ""
                },
                "aws_iam_role_policy_attachment.WordPressAppServerPolicy-attach": {
                    "type": "aws_iam_role_policy_attachment",
                    "depends_on": [
                        "aws_iam_policy.WordPressAppServerPolicy",
                        "aws_iam_role.WordPressAppServerRole"
                    ],
                    "primary": {
                        "id": "WordPressAppServerRole-20161004225240365616600i4c",
                        "attributes": {
                            "id": "WordPressAppServerRole-20161004225240365616600i4c",
                            "policy_arn": "arn:aws:iam::429195375769:policy/WordPressAppServerPolicy",
                            "role": "WordPressAppServerRole"
                        },
                        "meta": {},
                        "tainted": false
                    },
                    "deposed": [],
                    "provider": ""
                },
                "aws_instance.bastion": {
                    "type": "aws_instance",
                    "depends_on": [
                        "aws_security_group.bastion",
                        "aws_subnet.us-east-1b-public"
                    ],
                    "primary": {
                        "id": "i-0db95353b0915996a",
                        "attributes": {
                            "ami": "ami-6869aa05",
                            "availability_zone": "us-east-1b",
                            "disable_api_termination": "false",
                            "ebs_block_device.#": "0",
                            "ebs_optimized": "false",
                            "ephemeral_block_device.#": "0",
                            "iam_instance_profile": "",
                            "id": "i-0db95353b0915996a",
                            "instance_state": "running",
                            "instance_type": "t2.micro",
                            "key_name": "scaleable-wordpress1",
                            "monitoring": "false",
                            "network_interface_id": "eni-a8d499ba",
                            "private_dns": "ip-172-16-1-24.ec2.internal",
                            "private_ip": "172.16.1.24",
                            "public_dns": "",
                            "public_ip": "50.17.169.234",
                            "root_block_device.#": "1",
                            "root_block_device.0.delete_on_termination": "true",
                            "root_block_device.0.iops": "100",
                            "root_block_device.0.volume_size": "8",
                            "root_block_device.0.volume_type": "gp2",
                            "security_groups.#": "0",
                            "source_dest_check": "true",
                            "subnet_id": "subnet-5371b57e",
                            "tags.%": "2",
                            "tags.Env": "Test",
                            "tags.Name": "bastion",
                            "tenancy": "default",
                            "vpc_security_group_ids.#": "1",
                            "vpc_security_group_ids.3485163711": "sg-f7cdeb8d"
                        },
                        "meta": {
                            "schema_version": "1"
                        },
                        "tainted": false
                    },
                    "deposed": [],
                    "provider": ""
                },
                "aws_instance.wordpress1": {
                    "type": "aws_instance",
                    "depends_on": [
                        "aws_iam_instance_profile.WordPressAppServerPolicyProfile",
                        "aws_security_group.wordpress_app",
                        "aws_subnet.us-east-1b-public"
                    ],
                    "primary": {
                        "id": "i-0e46d9f720a60928a",
                        "attributes": {
                            "ami": "ami-6869aa05",
                            "availability_zone": "us-east-1b",
                            "disable_api_termination": "false",
                            "ebs_block_device.#": "0",
                            "ebs_optimized": "false",
                            "ephemeral_block_device.#": "0",
                            "iam_instance_profile": "WordPressAppServerPolicyProfile",
                            "id": "i-0e46d9f720a60928a",
                            "instance_state": "running",
                            "instance_type": "t2.micro",
                            "key_name": "scaleable-wordpress1",
                            "monitoring": "false",
                            "network_interface_id": "eni-e2d598f0",
                            "private_dns": "ip-172-16-1-218.ec2.internal",
                            "private_ip": "172.16.1.218",
                            "public_dns": "",
                            "public_ip": "",
                            "root_block_device.#": "1",
                            "root_block_device.0.delete_on_termination": "true",
                            "root_block_device.0.iops": "100",
                            "root_block_device.0.volume_size": "8",
                            "root_block_device.0.volume_type": "gp2",
                            "security_groups.#": "0",
                            "source_dest_check": "true",
                            "subnet_id": "subnet-5371b57e",
                            "tags.%": "2",
                            "tags.Env": "Test",
                            "tags.Name": "wordpress1",
                            "tenancy": "default",
                            "vpc_security_group_ids.#": "1",
                            "vpc_security_group_ids.851654006": "sg-ebcdeb91"
                        },
                        "meta": {
                            "schema_version": "1"
                        },
                        "tainted": false
                    },
                    "deposed": [],
                    "provider": ""
                },
                "aws_instance.wordpress2": {
                    "type": "aws_instance",
                    "depends_on": [
                        "aws_iam_instance_profile.WordPressAppServerPolicyProfile",
                        "aws_security_group.wordpress_app",
                        "aws_subnet.us-east-1c-public"
                    ],
                    "primary": {
                        "id": "i-0bbf10db27a09e7e1",
                        "attributes": {
                            "ami": "ami-6869aa05",
                            "availability_zone": "us-east-1c",
                            "disable_api_termination": "false",
                            "ebs_block_device.#": "0",
                            "ebs_optimized": "false",
                            "ephemeral_block_device.#": "0",
                            "iam_instance_profile": "WordPressAppServerPolicyProfile",
                            "id": "i-0bbf10db27a09e7e1",
                            "instance_state": "running",
                            "instance_type": "t2.micro",
                            "key_name": "scaleable-wordpress1",
                            "monitoring": "false",
                            "network_interface_id": "eni-97e1ac91",
                            "private_dns": "ip-172-16-2-197.ec2.internal",
                            "private_ip": "172.16.2.197",
                            "public_dns": "",
                            "public_ip": "",
                            "root_block_device.#": "1",
                            "root_block_device.0.delete_on_termination": "true",
                            "root_block_device.0.iops": "100",
                            "root_block_device.0.volume_size": "8",
                            "root_block_device.0.volume_type": "gp2",
                            "security_groups.#": "0",
                            "source_dest_check": "true",
                            "subnet_id": "subnet-9065d2d9",
                            "tags.%": "2",
                            "tags.Env": "Test",
                            "tags.Name": "wordpress2",
                            "tenancy": "default",
                            "vpc_security_group_ids.#": "1",
                            "vpc_security_group_ids.851654006": "sg-ebcdeb91"
                        },
                        "meta": {
                            "schema_version": "1"
                        },
                        "tainted": false
                    },
                    "deposed": [],
                    "provider": ""
                },
                "aws_internet_gateway.internetgw": {
                    "type": "aws_internet_gateway",
                    "depends_on": [
                        "aws_vpc.wordpress_vpc"
                    ],
                    "primary": {
                        "id": "igw-9bca0efc",
                        "attributes": {
                            "id": "igw-9bca0efc",
                            "tags.%": "0",
                            "vpc_id": "vpc-ea8ad68d"
                        },
                        "meta": {},
                        "tainted": false
                    },
                    "deposed": [],
                    "provider": ""
                },
                "aws_nat_gateway.nat_gw": {
                    "type": "aws_nat_gateway",
                    "depends_on": [
                        "aws_eip.nat",
                        "aws_subnet.us-east-1b-public"
                    ],
                    "primary": {
                        "id": "nat-02a32daca6f573e42",
                        "attributes": {
                            "allocation_id": "eipalloc-d297d0ed",
                            "id": "nat-02a32daca6f573e42",
                            "network_interface_id": "eni-37450825",
                            "private_ip": "172.16.1.223",
                            "public_ip": "52.54.166.212",
                            "subnet_id": "subnet-5371b57e"
                        },
                        "meta": {},
                        "tainted": false
                    },
                    "deposed": [],
                    "provider": ""
                },
                "aws_route_table.us-east-1-private": {
                    "type": "aws_route_table",
                    "depends_on": [
                        "aws_nat_gateway.nat_gw",
                        "aws_vpc.wordpress_vpc"
                    ],
                    "primary": {
                        "id": "rtb-6ee97908",
                        "attributes": {
                            "id": "rtb-6ee97908",
                            "propagating_vgws.#": "0",
                            "route.#": "1",
                            "route.3281770569.cidr_block": "0.0.0.0/0",
                            "route.3281770569.gateway_id": "",
                            "route.3281770569.instance_id": "",
                            "route.3281770569.nat_gateway_id": "nat-02a32daca6f573e42",
                            "route.3281770569.network_interface_id": "",
                            "route.3281770569.vpc_peering_connection_id": "",
                            "tags.%": "0",
                            "vpc_id": "vpc-ea8ad68d"
                        },
                        "meta": {},
                        "tainted": false
                    },
                    "deposed": [],
                    "provider": ""
                },
                "aws_route_table.us-east-1-public": {
                    "type": "aws_route_table",
                    "depends_on": [
                        "aws_internet_gateway.internetgw",
                        "aws_vpc.wordpress_vpc"
                    ],
                    "primary": {
                        "id": "rtb-f1e87897",
                        "attributes": {
                            "id": "rtb-f1e87897",
                            "propagating_vgws.#": "0",
                            "route.#": "1",
                            "route.1680837616.cidr_block": "0.0.0.0/0",
                            "route.1680837616.gateway_id": "igw-9bca0efc",
                            "route.1680837616.instance_id": "",
                            "route.1680837616.nat_gateway_id": "",
                            "route.1680837616.network_interface_id": "",
                            "route.1680837616.vpc_peering_connection_id": "",
                            "tags.%": "0",
                            "vpc_id": "vpc-ea8ad68d"
                        },
                        "meta": {},
                        "tainted": false
                    },
                    "deposed": [],
                    "provider": ""
                },
                "aws_route_table_association.us-east-1b-private": {
                    "type": "aws_route_table_association",
                    "depends_on": [
                        "aws_route_table.us-east-1-private",
                        "aws_subnet.us-east-1b-private"
                    ],
                    "primary": {
                        "id": "rtbassoc-5221ae2b",
                        "attributes": {
                            "id": "rtbassoc-5221ae2b",
                            "route_table_id": "rtb-6ee97908",
                            "subnet_id": "subnet-5071b57d"
                        },
                        "meta": {},
                        "tainted": false
                    },
                    "deposed": [],
                    "provider": ""
                },
                "aws_route_table_association.us-east-1b-public": {
                    "type": "aws_route_table_association",
                    "depends_on": [
                        "aws_route_table.us-east-1-public",
                        "aws_subnet.us-east-1b-public"
                    ],
                    "primary": {
                        "id": "rtbassoc-e722ad9e",
                        "attributes": {
                            "id": "rtbassoc-e722ad9e",
                            "route_table_id": "rtb-f1e87897",
                            "subnet_id": "subnet-5371b57e"
                        },
                        "meta": {},
                        "tainted": false
                    },
                    "deposed": [],
                    "provider": ""
                },
                "aws_route_table_association.us-east-1c-private": {
                    "type": "aws_route_table_association",
                    "depends_on": [
                        "aws_route_table.us-east-1-private",
                        "aws_subnet.us-east-1c-private"
                    ],
                    "primary": {
                        "id": "rtbassoc-5321ae2a",
                        "attributes": {
                            "id": "rtbassoc-5321ae2a",
                            "route_table_id": "rtb-6ee97908",
                            "subnet_id": "subnet-9165d2d8"
                        },
                        "meta": {},
                        "tainted": false
                    },
                    "deposed": [],
                    "provider": ""
                },
                "aws_route_table_association.us-east-1c-public": {
                    "type": "aws_route_table_association",
                    "depends_on": [
                        "aws_route_table.us-east-1-public",
                        "aws_subnet.us-east-1c-public"
                    ],
                    "primary": {
                        "id": "rtbassoc-e622ad9f",
                        "attributes": {
                            "id": "rtbassoc-e622ad9f",
                            "route_table_id": "rtb-f1e87897",
                            "subnet_id": "subnet-9065d2d9"
                        },
                        "meta": {},
                        "tainted": false
                    },
                    "deposed": [],
                    "provider": ""
                },
                "aws_security_group.bastion": {
                    "type": "aws_security_group",
                    "depends_on": [
                        "aws_vpc.wordpress_vpc"
                    ],
                    "primary": {
                        "id": "sg-f7cdeb8d",
                        "attributes": {
                            "description": "Allow SSH traffic from the internet",
                            "egress.#": "0",
                            "id": "sg-f7cdeb8d",
                            "ingress.#": "1",
                            "ingress.2541437006.cidr_blocks.#": "1",
                            "ingress.2541437006.cidr_blocks.0": "0.0.0.0/0",
                            "ingress.2541437006.from_port": "22",
                            "ingress.2541437006.protocol": "tcp",
                            "ingress.2541437006.security_groups.#": "0",
                            "ingress.2541437006.self": "false",
                            "ingress.2541437006.to_port": "22",
                            "name": "bastion",
                            "owner_id": "429195375769",
                            "tags.%": "0",
                            "vpc_id": "vpc-ea8ad68d"
                        },
                        "meta": {},
                        "tainted": false
                    },
                    "deposed": [],
                    "provider": ""
                },
                "aws_security_group.wordpress_app": {
                    "type": "aws_security_group",
                    "depends_on": [
                        "aws_security_group.bastion",
                        "aws_vpc.wordpress_vpc"
                    ],
                    "primary": {
                        "id": "sg-ebcdeb91",
                        "attributes": {
                            "description": "Allow traffic from bastion",
                            "egress.#": "0",
                            "id": "sg-ebcdeb91",
                            "ingress.#": "2",
                            "ingress.2214680975.cidr_blocks.#": "1",
                            "ingress.2214680975.cidr_blocks.0": "0.0.0.0/0",
                            "ingress.2214680975.from_port": "80",
                            "ingress.2214680975.protocol": "tcp",
                            "ingress.2214680975.security_groups.#": "0",
                            "ingress.2214680975.self": "false",
                            "ingress.2214680975.to_port": "80",
                            "ingress.2449411199.cidr_blocks.#": "0",
                            "ingress.2449411199.from_port": "22",
                            "ingress.2449411199.protocol": "tcp",
                            "ingress.2449411199.security_groups.#": "1",
                            "ingress.2449411199.security_groups.3485163711": "sg-f7cdeb8d",
                            "ingress.2449411199.self": "false",
                            "ingress.2449411199.to_port": "22",
                            "name": "wordpress_app",
                            "owner_id": "429195375769",
                            "tags.%": "0",
                            "vpc_id": "vpc-ea8ad68d"
                        },
                        "meta": {},
                        "tainted": false
                    },
                    "deposed": [],
                    "provider": ""
                },
                "aws_security_group.wordpress_app2": {
                    "type": "aws_security_group",
                    "depends_on": [
                        "aws_security_group.bastion",
                        "aws_vpc.wordpress_vpc"
                    ],
                    "primary": {
                        "id": "sg-309cbc4a",
                        "attributes": {
                            "description": "Allow traffic from bastion",
                            "egress.#": "0",
                            "id": "sg-309cbc4a",
                            "ingress.#": "2",
                            "ingress.2214680975.cidr_blocks.#": "1",
                            "ingress.2214680975.cidr_blocks.0": "0.0.0.0/0",
                            "ingress.2214680975.from_port": "80",
                            "ingress.2214680975.protocol": "tcp",
                            "ingress.2214680975.security_groups.#": "0",
                            "ingress.2214680975.self": "false",
                            "ingress.2214680975.to_port": "80",
                            "ingress.2449411199.cidr_blocks.#": "0",
                            "ingress.2449411199.from_port": "22",
                            "ingress.2449411199.protocol": "tcp",
                            "ingress.2449411199.security_groups.#": "1",
                            "ingress.2449411199.security_groups.3485163711": "sg-f7cdeb8d",
                            "ingress.2449411199.self": "false",
                            "ingress.2449411199.to_port": "22",
                            "name": "wordpress_app2",
                            "owner_id": "429195375769",
                            "tags.%": "0",
                            "vpc_id": "vpc-ea8ad68d"
                        },
                        "meta": {},
                        "tainted": false
                    },
                    "deposed": [],
                    "provider": ""
                },
                "aws_subnet.us-east-1b-private": {
                    "type": "aws_subnet",
                    "depends_on": [
                        "aws_vpc.wordpress_vpc"
                    ],
                    "primary": {
                        "id": "subnet-5071b57d",
                        "attributes": {
                            "availability_zone": "us-east-1b",
                            "cidr_block": "172.16.5.0/24",
                            "id": "subnet-5071b57d",
                            "map_public_ip_on_launch": "false",
                            "tags.%": "3",
                            "tags.Env": "Test",
                            "tags.Name": "mySql_subnet_2",
                            "tags.SubnetAccess": "Public",
                            "vpc_id": "vpc-ea8ad68d"
                        },
                        "meta": {},
                        "tainted": false
                    },
                    "deposed": [],
                    "provider": ""
                },
                "aws_subnet.us-east-1b-public": {
                    "type": "aws_subnet",
                    "depends_on": [
                        "aws_vpc.wordpress_vpc"
                    ],
                    "primary": {
                        "id": "subnet-5371b57e",
                        "attributes": {
                            "availability_zone": "us-east-1b",
                            "cidr_block": "172.16.1.0/24",
                            "id": "subnet-5371b57e",
                            "map_public_ip_on_launch": "false",
                            "tags.%": "3",
                            "tags.Env": "Test",
                            "tags.Name": "WordPress_App_subnet_1",
                            "tags.SubnetAccess": "Public",
                            "vpc_id": "vpc-ea8ad68d"
                        },
                        "meta": {},
                        "tainted": false
                    },
                    "deposed": [],
                    "provider": ""
                },
                "aws_subnet.us-east-1c-private": {
                    "type": "aws_subnet",
                    "depends_on": [
                        "aws_vpc.wordpress_vpc"
                    ],
                    "primary": {
                        "id": "subnet-9165d2d8",
                        "attributes": {
                            "availability_zone": "us-east-1c",
                            "cidr_block": "172.16.6.0/24",
                            "id": "subnet-9165d2d8",
                            "map_public_ip_on_launch": "false",
                            "tags.%": "3",
                            "tags.Env": "Test",
                            "tags.Name": "mySql_subnet_2",
                            "tags.SubnetAccess": "Public",
                            "vpc_id": "vpc-ea8ad68d"
                        },
                        "meta": {},
                        "tainted": false
                    },
                    "deposed": [],
                    "provider": ""
                },
                "aws_subnet.us-east-1c-public": {
                    "type": "aws_subnet",
                    "depends_on": [
                        "aws_vpc.wordpress_vpc"
                    ],
                    "primary": {
                        "id": "subnet-9065d2d9",
                        "attributes": {
                            "availability_zone": "us-east-1c",
                            "cidr_block": "172.16.2.0/24",
                            "id": "subnet-9065d2d9",
                            "map_public_ip_on_launch": "false",
                            "tags.%": "3",
                            "tags.Env": "Test",
                            "tags.Name": "WordPress_App_subnet_2",
                            "tags.SubnetAccess": "Public",
                            "vpc_id": "vpc-ea8ad68d"
                        },
                        "meta": {},
                        "tainted": false
                    },
                    "deposed": [],
                    "provider": ""
                },
                "aws_vpc.wordpress_vpc": {
                    "type": "aws_vpc",
                    "depends_on": [],
                    "primary": {
                        "id": "vpc-ea8ad68d",
                        "attributes": {
                            "cidr_block": "172.16.0.0/20",
                            "default_network_acl_id": "acl-c43c37a3",
                            "default_route_table_id": "rtb-8c8838ea",
                            "default_security_group_id": "sg-cfc8afb5",
                            "dhcp_options_id": "dopt-31dfd754",
                            "enable_classiclink": "false",
                            "enable_dns_hostnames": "false",
                            "enable_dns_support": "true",
                            "id": "vpc-ea8ad68d",
                            "instance_tenancy": "default",
                            "main_route_table_id": "rtb-8c8838ea",
                            "tags.%": "2",
                            "tags.Env": "Test",
                            "tags.Name": "wordpress_vpc"
                        },
                        "meta": {},
                        "tainted": false
                    },
                    "deposed": [],
                    "provider": ""
                }
            },
            "depends_on": []
        }
    ]
}
